// !$*UTF8*$!
{
	archiveVersion = 1;
	classes = {
	};
	objectVersion = 56;
	objects = {

/* Begin PBXBuildFile section */
		065CD1B32C16D44F0039FC9E /* IQKeyboardManagerSwift in Frameworks */ = {isa = PBXBuildFile; productRef = 065CD1B22C16D44F0039FC9E /* IQKeyboardManagerSwift */; };
		065CD1BC2C16DF0A0039FC9E /* ToDoEntity.swift in Sources */ = {isa = PBXBuildFile; fileRef = 065CD1BB2C16DF0A0039FC9E /* ToDoEntity.swift */; };
		065CD1BF2C16DF590039FC9E /* RealmSwift in Frameworks */ = {isa = PBXBuildFile; productRef = 065CD1BE2C16DF590039FC9E /* RealmSwift */; };
		065CD1C02C16E6680039FC9E /* RealmSwift in Embed Frameworks */ = {isa = PBXBuildFile; productRef = 065CD1BE2C16DF590039FC9E /* RealmSwift */; settings = {ATTRIBUTES = (CodeSignOnCopy, ); }; };
		065CD1C32C16FB340039FC9E /* SubToDoEntity.swift in Sources */ = {isa = PBXBuildFile; fileRef = 065CD1C22C16FB340039FC9E /* SubToDoEntity.swift */; };
		065CD1C52C16FCD60039FC9E /* ToDoLocalDataSource.swift in Sources */ = {isa = PBXBuildFile; fileRef = 065CD1C42C16FCD60039FC9E /* ToDoLocalDataSource.swift */; };
		065CD1C72C16FFD30039FC9E /* ToDoVO.swift in Sources */ = {isa = PBXBuildFile; fileRef = 065CD1C62C16FFD30039FC9E /* ToDoVO.swift */; };
		065CD1C92C16FFDD0039FC9E /* SubToDoVO.swift in Sources */ = {isa = PBXBuildFile; fileRef = 065CD1C82C16FFDD0039FC9E /* SubToDoVO.swift */; };
		065CD1CD2C170B5F0039FC9E /* ToDoMapper.swift in Sources */ = {isa = PBXBuildFile; fileRef = 065CD1CC2C170B5F0039FC9E /* ToDoMapper.swift */; };
		065CD1CF2C1716C50039FC9E /* SubToDoMapper.swift in Sources */ = {isa = PBXBuildFile; fileRef = 065CD1CE2C1716C50039FC9E /* SubToDoMapper.swift */; };
		065CD1D22C17209A0039FC9E /* ToDoRepository.swift in Sources */ = {isa = PBXBuildFile; fileRef = 065CD1D12C17209A0039FC9E /* ToDoRepository.swift */; };
		065CD1D52C17336C0039FC9E /* Date.swift in Sources */ = {isa = PBXBuildFile; fileRef = 065CD1D42C17336C0039FC9E /* Date.swift */; };
		065CD1D82C18655B0039FC9E /* UIButton.swift in Sources */ = {isa = PBXBuildFile; fileRef = 065CD1D72C18655B0039FC9E /* UIButton.swift */; };
		06BC7C172C1F27EB00232151 /* DynamicHeightTableView.swift in Sources */ = {isa = PBXBuildFile; fileRef = 06BC7C162C1F27EB00232151 /* DynamicHeightTableView.swift */; };
		06BC7C192C201BC900232151 /* UNUserNotificationCenter.swift in Sources */ = {isa = PBXBuildFile; fileRef = 06BC7C182C201BC900232151 /* UNUserNotificationCenter.swift */; };
		06CD43B42C721F55007DABCF /* HomeVMTest.swift in Sources */ = {isa = PBXBuildFile; fileRef = 06CD43B32C721F55007DABCF /* HomeVMTest.swift */; };
		06CD43B62C722F9E007DABCF /* HomeVCTests.swift in Sources */ = {isa = PBXBuildFile; fileRef = 06CD43B52C722F9E007DABCF /* HomeVCTests.swift */; };
		06D4D8B92C1D60EF001460B2 /* SubToDoCellVO.swift in Sources */ = {isa = PBXBuildFile; fileRef = 06D4D8B82C1D60EF001460B2 /* SubToDoCellVO.swift */; };
		06D4D8BB2C1D610B001460B2 /* SubToDoCellMapper.swift in Sources */ = {isa = PBXBuildFile; fileRef = 06D4D8BA2C1D610B001460B2 /* SubToDoCellMapper.swift */; };
		06D4D8CC2C1E7F8B001460B2 /* ShowSubToDoCell.xib in Resources */ = {isa = PBXBuildFile; fileRef = 06D4D8CB2C1E7F8B001460B2 /* ShowSubToDoCell.xib */; };
		06D4D8CD2C1E7F8B001460B2 /* ShowSubToDoCell.swift in Sources */ = {isa = PBXBuildFile; fileRef = 06D4D8CA2C1E7F8B001460B2 /* ShowSubToDoCell.swift */; };
		06D912702C15FD35005D2794 /* AppDelegate.swift in Sources */ = {isa = PBXBuildFile; fileRef = 06D9126F2C15FD35005D2794 /* AppDelegate.swift */; };
		06D912722C15FD35005D2794 /* SceneDelegate.swift in Sources */ = {isa = PBXBuildFile; fileRef = 06D912712C15FD35005D2794 /* SceneDelegate.swift */; };
		06D912772C15FD35005D2794 /* Base in Resources */ = {isa = PBXBuildFile; fileRef = 06D912762C15FD35005D2794 /* Base */; };
		06D912792C15FD3B005D2794 /* Assets.xcassets in Resources */ = {isa = PBXBuildFile; fileRef = 06D912782C15FD3B005D2794 /* Assets.xcassets */; };
		06D9127C2C15FD3B005D2794 /* Base in Resources */ = {isa = PBXBuildFile; fileRef = 06D9127B2C15FD3B005D2794 /* Base */; };
		06D912872C15FD3C005D2794 /* ToDoListsTests.swift in Sources */ = {isa = PBXBuildFile; fileRef = 06D912862C15FD3C005D2794 /* ToDoListsTests.swift */; };
		06D912912C15FD3C005D2794 /* ToDoListsUITests.swift in Sources */ = {isa = PBXBuildFile; fileRef = 06D912902C15FD3C005D2794 /* ToDoListsUITests.swift */; };
		06D912932C15FD3C005D2794 /* ToDoListsUITestsLaunchTests.swift in Sources */ = {isa = PBXBuildFile; fileRef = 06D912922C15FD3C005D2794 /* ToDoListsUITestsLaunchTests.swift */; };
		06D912A12C168515005D2794 /* Home.storyboard in Resources */ = {isa = PBXBuildFile; fileRef = 06D912A02C168515005D2794 /* Home.storyboard */; };
		06D912A62C16A264005D2794 /* RootNC.swift in Sources */ = {isa = PBXBuildFile; fileRef = 06D912A52C16A264005D2794 /* RootNC.swift */; };
		06D912A92C16A662005D2794 /* StoryBoarded.swift in Sources */ = {isa = PBXBuildFile; fileRef = 06D912A82C16A662005D2794 /* StoryBoarded.swift */; };
		06D912AC2C16B1AB005D2794 /* HomeVC.swift in Sources */ = {isa = PBXBuildFile; fileRef = 06D912AB2C16B1AB005D2794 /* HomeVC.swift */; };
		06D912AF2C16B1C6005D2794 /* HomeVM.swift in Sources */ = {isa = PBXBuildFile; fileRef = 06D912AE2C16B1C6005D2794 /* HomeVM.swift */; };
		06D912B22C16B1D8005D2794 /* ScheduleVC.swift in Sources */ = {isa = PBXBuildFile; fileRef = 06D912B12C16B1D8005D2794 /* ScheduleVC.swift */; };
		06D912B42C16B1EB005D2794 /* ScheduleVM.swift in Sources */ = {isa = PBXBuildFile; fileRef = 06D912B32C16B1EB005D2794 /* ScheduleVM.swift */; };
		06D912B72C16B1FF005D2794 /* OverdueVC.swift in Sources */ = {isa = PBXBuildFile; fileRef = 06D912B62C16B1FF005D2794 /* OverdueVC.swift */; };
		06D912B92C16B20A005D2794 /* OverdueVM.swift in Sources */ = {isa = PBXBuildFile; fileRef = 06D912B82C16B20A005D2794 /* OverdueVM.swift */; };
		06D912BC2C16B26D005D2794 /* CompleteVC.swift in Sources */ = {isa = PBXBuildFile; fileRef = 06D912BB2C16B26D005D2794 /* CompleteVC.swift */; };
		06D912BE2C16B274005D2794 /* CompleteVM.swift in Sources */ = {isa = PBXBuildFile; fileRef = 06D912BD2C16B274005D2794 /* CompleteVM.swift */; };
		06D912C12C16B291005D2794 /* TabBarVC.swift in Sources */ = {isa = PBXBuildFile; fileRef = 06D912C02C16B291005D2794 /* TabBarVC.swift */; };
		06D912C42C16B378005D2794 /* SplashVC.swift in Sources */ = {isa = PBXBuildFile; fileRef = 06D912C32C16B378005D2794 /* SplashVC.swift */; };
		06DD20342C188C0F009BECB8 /* ToDoCell.xib in Resources */ = {isa = PBXBuildFile; fileRef = 06DD20332C188C0F009BECB8 /* ToDoCell.xib */; };
		06DD20352C188C0F009BECB8 /* ToDoCell.swift in Sources */ = {isa = PBXBuildFile; fileRef = 06DD20322C188C0F009BECB8 /* ToDoCell.swift */; };
		06DD20392C188D0C009BECB8 /* AddToDoVC.swift in Sources */ = {isa = PBXBuildFile; fileRef = 06DD20382C188D0C009BECB8 /* AddToDoVC.swift */; };
		06DD203B2C188D15009BECB8 /* AddToDoVM.swift in Sources */ = {isa = PBXBuildFile; fileRef = 06DD203A2C188D15009BECB8 /* AddToDoVM.swift */; };
		06DD203D2C195958009BECB8 /* UITextField.swift in Sources */ = {isa = PBXBuildFile; fileRef = 06DD203C2C195958009BECB8 /* UITextField.swift */; };
		06DD20412C199133009BECB8 /* SubToDoCell.xib in Resources */ = {isa = PBXBuildFile; fileRef = 06DD20402C199133009BECB8 /* SubToDoCell.xib */; };
		06DD20422C199133009BECB8 /* SubToDoCell.swift in Sources */ = {isa = PBXBuildFile; fileRef = 06DD203F2C199133009BECB8 /* SubToDoCell.swift */; };
/* End PBXBuildFile section */

/* Begin PBXContainerItemProxy section */
		06D912832C15FD3C005D2794 /* PBXContainerItemProxy */ = {
			isa = PBXContainerItemProxy;
			containerPortal = 06D912642C15FD35005D2794 /* Project object */;
			proxyType = 1;
			remoteGlobalIDString = 06D9126B2C15FD35005D2794;
			remoteInfo = ToDoLists;
		};
		06D9128D2C15FD3C005D2794 /* PBXContainerItemProxy */ = {
			isa = PBXContainerItemProxy;
			containerPortal = 06D912642C15FD35005D2794 /* Project object */;
			proxyType = 1;
			remoteGlobalIDString = 06D9126B2C15FD35005D2794;
			remoteInfo = ToDoLists;
		};
/* End PBXContainerItemProxy section */

/* Begin PBXCopyFilesBuildPhase section */
		065CD1C12C16E6680039FC9E /* Embed Frameworks */ = {
			isa = PBXCopyFilesBuildPhase;
			buildActionMask = 2147483647;
			dstPath = "";
			dstSubfolderSpec = 10;
			files = (
				065CD1C02C16E6680039FC9E /* RealmSwift in Embed Frameworks */,
			);
			name = "Embed Frameworks";
			runOnlyForDeploymentPostprocessing = 0;
		};
/* End PBXCopyFilesBuildPhase section */

/* Begin PBXFileReference section */
		065CD1BB2C16DF0A0039FC9E /* ToDoEntity.swift */ = {isa = PBXFileReference; lastKnownFileType = sourcecode.swift; path = ToDoEntity.swift; sourceTree = "<group>"; };
		065CD1C22C16FB340039FC9E /* SubToDoEntity.swift */ = {isa = PBXFileReference; lastKnownFileType = sourcecode.swift; path = SubToDoEntity.swift; sourceTree = "<group>"; };
		065CD1C42C16FCD60039FC9E /* ToDoLocalDataSource.swift */ = {isa = PBXFileReference; lastKnownFileType = sourcecode.swift; path = ToDoLocalDataSource.swift; sourceTree = "<group>"; };
		065CD1C62C16FFD30039FC9E /* ToDoVO.swift */ = {isa = PBXFileReference; lastKnownFileType = sourcecode.swift; path = ToDoVO.swift; sourceTree = "<group>"; };
		065CD1C82C16FFDD0039FC9E /* SubToDoVO.swift */ = {isa = PBXFileReference; lastKnownFileType = sourcecode.swift; path = SubToDoVO.swift; sourceTree = "<group>"; };
		065CD1CC2C170B5F0039FC9E /* ToDoMapper.swift */ = {isa = PBXFileReference; lastKnownFileType = sourcecode.swift; path = ToDoMapper.swift; sourceTree = "<group>"; };
		065CD1CE2C1716C50039FC9E /* SubToDoMapper.swift */ = {isa = PBXFileReference; lastKnownFileType = sourcecode.swift; path = SubToDoMapper.swift; sourceTree = "<group>"; };
		065CD1D12C17209A0039FC9E /* ToDoRepository.swift */ = {isa = PBXFileReference; lastKnownFileType = sourcecode.swift; path = ToDoRepository.swift; sourceTree = "<group>"; };
		065CD1D42C17336C0039FC9E /* Date.swift */ = {isa = PBXFileReference; lastKnownFileType = sourcecode.swift; path = Date.swift; sourceTree = "<group>"; };
		065CD1D72C18655B0039FC9E /* UIButton.swift */ = {isa = PBXFileReference; lastKnownFileType = sourcecode.swift; path = UIButton.swift; sourceTree = "<group>"; };
		06BC7C162C1F27EB00232151 /* DynamicHeightTableView.swift */ = {isa = PBXFileReference; lastKnownFileType = sourcecode.swift; path = DynamicHeightTableView.swift; sourceTree = "<group>"; };
		06BC7C182C201BC900232151 /* UNUserNotificationCenter.swift */ = {isa = PBXFileReference; lastKnownFileType = sourcecode.swift; path = UNUserNotificationCenter.swift; sourceTree = "<group>"; };
		06CD43B32C721F55007DABCF /* HomeVMTest.swift */ = {isa = PBXFileReference; lastKnownFileType = sourcecode.swift; path = HomeVMTest.swift; sourceTree = "<group>"; };
		06CD43B52C722F9E007DABCF /* HomeVCTests.swift */ = {isa = PBXFileReference; lastKnownFileType = sourcecode.swift; path = HomeVCTests.swift; sourceTree = "<group>"; };
		06D4D8B82C1D60EF001460B2 /* SubToDoCellVO.swift */ = {isa = PBXFileReference; lastKnownFileType = sourcecode.swift; path = SubToDoCellVO.swift; sourceTree = "<group>"; };
		06D4D8BA2C1D610B001460B2 /* SubToDoCellMapper.swift */ = {isa = PBXFileReference; lastKnownFileType = sourcecode.swift; path = SubToDoCellMapper.swift; sourceTree = "<group>"; };
		06D4D8CA2C1E7F8B001460B2 /* ShowSubToDoCell.swift */ = {isa = PBXFileReference; lastKnownFileType = sourcecode.swift; path = ShowSubToDoCell.swift; sourceTree = "<group>"; };
		06D4D8CB2C1E7F8B001460B2 /* ShowSubToDoCell.xib */ = {isa = PBXFileReference; lastKnownFileType = file.xib; path = ShowSubToDoCell.xib; sourceTree = "<group>"; };
		06D9126C2C15FD35005D2794 /* ToDoLists.app */ = {isa = PBXFileReference; explicitFileType = wrapper.application; includeInIndex = 0; path = ToDoLists.app; sourceTree = BUILT_PRODUCTS_DIR; };
		06D9126F2C15FD35005D2794 /* AppDelegate.swift */ = {isa = PBXFileReference; lastKnownFileType = sourcecode.swift; path = AppDelegate.swift; sourceTree = "<group>"; };
		06D912712C15FD35005D2794 /* SceneDelegate.swift */ = {isa = PBXFileReference; lastKnownFileType = sourcecode.swift; path = SceneDelegate.swift; sourceTree = "<group>"; };
		06D912762C15FD35005D2794 /* Base */ = {isa = PBXFileReference; lastKnownFileType = file.storyboard; name = Base; path = Base.lproj/Main.storyboard; sourceTree = "<group>"; };
		06D912782C15FD3B005D2794 /* Assets.xcassets */ = {isa = PBXFileReference; lastKnownFileType = folder.assetcatalog; path = Assets.xcassets; sourceTree = "<group>"; };
		06D9127B2C15FD3B005D2794 /* Base */ = {isa = PBXFileReference; lastKnownFileType = file.storyboard; name = Base; path = Base.lproj/LaunchScreen.storyboard; sourceTree = "<group>"; };
		06D9127D2C15FD3B005D2794 /* Info.plist */ = {isa = PBXFileReference; lastKnownFileType = text.plist.xml; path = Info.plist; sourceTree = "<group>"; };
		06D912822C15FD3C005D2794 /* ToDoListsTests.xctest */ = {isa = PBXFileReference; explicitFileType = wrapper.cfbundle; includeInIndex = 0; path = ToDoListsTests.xctest; sourceTree = BUILT_PRODUCTS_DIR; };
		06D912862C15FD3C005D2794 /* ToDoListsTests.swift */ = {isa = PBXFileReference; lastKnownFileType = sourcecode.swift; path = ToDoListsTests.swift; sourceTree = "<group>"; };
		06D9128C2C15FD3C005D2794 /* ToDoListsUITests.xctest */ = {isa = PBXFileReference; explicitFileType = wrapper.cfbundle; includeInIndex = 0; path = ToDoListsUITests.xctest; sourceTree = BUILT_PRODUCTS_DIR; };
		06D912902C15FD3C005D2794 /* ToDoListsUITests.swift */ = {isa = PBXFileReference; lastKnownFileType = sourcecode.swift; path = ToDoListsUITests.swift; sourceTree = "<group>"; };
		06D912922C15FD3C005D2794 /* ToDoListsUITestsLaunchTests.swift */ = {isa = PBXFileReference; lastKnownFileType = sourcecode.swift; path = ToDoListsUITestsLaunchTests.swift; sourceTree = "<group>"; };
		06D912A02C168515005D2794 /* Home.storyboard */ = {isa = PBXFileReference; lastKnownFileType = file.storyboard; path = Home.storyboard; sourceTree = "<group>"; };
		06D912A52C16A264005D2794 /* RootNC.swift */ = {isa = PBXFileReference; lastKnownFileType = sourcecode.swift; path = RootNC.swift; sourceTree = "<group>"; };
		06D912A82C16A662005D2794 /* StoryBoarded.swift */ = {isa = PBXFileReference; lastKnownFileType = sourcecode.swift; path = StoryBoarded.swift; sourceTree = "<group>"; };
		06D912AB2C16B1AB005D2794 /* HomeVC.swift */ = {isa = PBXFileReference; lastKnownFileType = sourcecode.swift; path = HomeVC.swift; sourceTree = "<group>"; };
		06D912AE2C16B1C6005D2794 /* HomeVM.swift */ = {isa = PBXFileReference; lastKnownFileType = sourcecode.swift; path = HomeVM.swift; sourceTree = "<group>"; };
		06D912B12C16B1D8005D2794 /* ScheduleVC.swift */ = {isa = PBXFileReference; lastKnownFileType = sourcecode.swift; path = ScheduleVC.swift; sourceTree = "<group>"; };
		06D912B32C16B1EB005D2794 /* ScheduleVM.swift */ = {isa = PBXFileReference; lastKnownFileType = sourcecode.swift; path = ScheduleVM.swift; sourceTree = "<group>"; };
		06D912B62C16B1FF005D2794 /* OverdueVC.swift */ = {isa = PBXFileReference; lastKnownFileType = sourcecode.swift; path = OverdueVC.swift; sourceTree = "<group>"; };
		06D912B82C16B20A005D2794 /* OverdueVM.swift */ = {isa = PBXFileReference; lastKnownFileType = sourcecode.swift; path = OverdueVM.swift; sourceTree = "<group>"; };
		06D912BB2C16B26D005D2794 /* CompleteVC.swift */ = {isa = PBXFileReference; lastKnownFileType = sourcecode.swift; path = CompleteVC.swift; sourceTree = "<group>"; };
		06D912BD2C16B274005D2794 /* CompleteVM.swift */ = {isa = PBXFileReference; lastKnownFileType = sourcecode.swift; path = CompleteVM.swift; sourceTree = "<group>"; };
		06D912C02C16B291005D2794 /* TabBarVC.swift */ = {isa = PBXFileReference; lastKnownFileType = sourcecode.swift; path = TabBarVC.swift; sourceTree = "<group>"; };
		06D912C32C16B378005D2794 /* SplashVC.swift */ = {isa = PBXFileReference; lastKnownFileType = sourcecode.swift; path = SplashVC.swift; sourceTree = "<group>"; };
		06DD20322C188C0F009BECB8 /* ToDoCell.swift */ = {isa = PBXFileReference; lastKnownFileType = sourcecode.swift; path = ToDoCell.swift; sourceTree = "<group>"; };
		06DD20332C188C0F009BECB8 /* ToDoCell.xib */ = {isa = PBXFileReference; lastKnownFileType = file.xib; path = ToDoCell.xib; sourceTree = "<group>"; };
		06DD20382C188D0C009BECB8 /* AddToDoVC.swift */ = {isa = PBXFileReference; lastKnownFileType = sourcecode.swift; path = AddToDoVC.swift; sourceTree = "<group>"; };
		06DD203A2C188D15009BECB8 /* AddToDoVM.swift */ = {isa = PBXFileReference; lastKnownFileType = sourcecode.swift; path = AddToDoVM.swift; sourceTree = "<group>"; };
		06DD203C2C195958009BECB8 /* UITextField.swift */ = {isa = PBXFileReference; lastKnownFileType = sourcecode.swift; path = UITextField.swift; sourceTree = "<group>"; };
		06DD203F2C199133009BECB8 /* SubToDoCell.swift */ = {isa = PBXFileReference; lastKnownFileType = sourcecode.swift; path = SubToDoCell.swift; sourceTree = "<group>"; };
		06DD20402C199133009BECB8 /* SubToDoCell.xib */ = {isa = PBXFileReference; lastKnownFileType = file.xib; path = SubToDoCell.xib; sourceTree = "<group>"; };
/* End PBXFileReference section */

/* Begin PBXFrameworksBuildPhase section */
		06D912692C15FD35005D2794 /* Frameworks */ = {
			isa = PBXFrameworksBuildPhase;
			buildActionMask = 2147483647;
			files = (
				065CD1BF2C16DF590039FC9E /* RealmSwift in Frameworks */,
				065CD1B32C16D44F0039FC9E /* IQKeyboardManagerSwift in Frameworks */,
			);
			runOnlyForDeploymentPostprocessing = 0;
		};
		06D9127F2C15FD3C005D2794 /* Frameworks */ = {
			isa = PBXFrameworksBuildPhase;
			buildActionMask = 2147483647;
			files = (
			);
			runOnlyForDeploymentPostprocessing = 0;
		};
		06D912892C15FD3C005D2794 /* Frameworks */ = {
			isa = PBXFrameworksBuildPhase;
			buildActionMask = 2147483647;
			files = (
			);
			runOnlyForDeploymentPostprocessing = 0;
		};
/* End PBXFrameworksBuildPhase section */

/* Begin PBXGroup section */
		065CD1B42C16DE6B0039FC9E /* DataSources */ = {
			isa = PBXGroup;
			children = (
				065CD1B62C16DE7C0039FC9E /* Local */,
				065CD1B52C16DE790039FC9E /* Remote */,
			);
			path = DataSources;
			sourceTree = "<group>";
		};
		065CD1B52C16DE790039FC9E /* Remote */ = {
			isa = PBXGroup;
			children = (
			);
			path = Remote;
			sourceTree = "<group>";
		};
		065CD1B62C16DE7C0039FC9E /* Local */ = {
			isa = PBXGroup;
			children = (
				065CD1C42C16FCD60039FC9E /* ToDoLocalDataSource.swift */,
			);
			path = Local;
			sourceTree = "<group>";
		};
		065CD1B72C16DE940039FC9E /* Models */ = {
			isa = PBXGroup;
			children = (
				065CD1CA2C17003C0039FC9E /* VOs */,
				065CD1B92C16DEA10039FC9E /* Request */,
				065CD1B82C16DE9B0039FC9E /* Response */,
			);
			path = Models;
			sourceTree = "<group>";
		};
		065CD1B82C16DE9B0039FC9E /* Response */ = {
			isa = PBXGroup;
			children = (
			);
			path = Response;
			sourceTree = "<group>";
		};
		065CD1B92C16DEA10039FC9E /* Request */ = {
			isa = PBXGroup;
			children = (
			);
			path = Request;
			sourceTree = "<group>";
		};
		065CD1BA2C16DEEB0039FC9E /* Entities */ = {
			isa = PBXGroup;
			children = (
				065CD1BB2C16DF0A0039FC9E /* ToDoEntity.swift */,
				065CD1C22C16FB340039FC9E /* SubToDoEntity.swift */,
			);
			path = Entities;
			sourceTree = "<group>";
		};
		065CD1CA2C17003C0039FC9E /* VOs */ = {
			isa = PBXGroup;
			children = (
				065CD1C62C16FFD30039FC9E /* ToDoVO.swift */,
				065CD1C82C16FFDD0039FC9E /* SubToDoVO.swift */,
				06D4D8B82C1D60EF001460B2 /* SubToDoCellVO.swift */,
			);
			path = VOs;
			sourceTree = "<group>";
		};
		065CD1CB2C170B570039FC9E /* Mapper */ = {
			isa = PBXGroup;
			children = (
				065CD1CC2C170B5F0039FC9E /* ToDoMapper.swift */,
				065CD1CE2C1716C50039FC9E /* SubToDoMapper.swift */,
				06D4D8BA2C1D610B001460B2 /* SubToDoCellMapper.swift */,
			);
			path = Mapper;
			sourceTree = "<group>";
		};
		065CD1D02C1720870039FC9E /* Repositories */ = {
			isa = PBXGroup;
			children = (
				065CD1D12C17209A0039FC9E /* ToDoRepository.swift */,
			);
			path = Repositories;
			sourceTree = "<group>";
		};
		065CD1D32C1730BA0039FC9E /* Extension */ = {
			isa = PBXGroup;
			children = (
				065CD1D42C17336C0039FC9E /* Date.swift */,
				065CD1D72C18655B0039FC9E /* UIButton.swift */,
				06DD203C2C195958009BECB8 /* UITextField.swift */,
				06BC7C182C201BC900232151 /* UNUserNotificationCenter.swift */,
			);
			path = Extension;
			sourceTree = "<group>";
		};
		06BC7C152C1F27B300232151 /* Custom Views */ = {
			isa = PBXGroup;
			children = (
				06BC7C162C1F27EB00232151 /* DynamicHeightTableView.swift */,
			);
			path = "Custom Views";
			sourceTree = "<group>";
		};
		06CD43B22C721F3F007DABCF /* HomeTests */ = {
			isa = PBXGroup;
			children = (
				06CD43B32C721F55007DABCF /* HomeVMTest.swift */,
				06CD43B52C722F9E007DABCF /* HomeVCTests.swift */,
			);
			path = HomeTests;
			sourceTree = "<group>";
		};
		06D4D8C92C1E7F50001460B2 /* ShowSubToDoCell */ = {
			isa = PBXGroup;
			children = (
				06D4D8CA2C1E7F8B001460B2 /* ShowSubToDoCell.swift */,
				06D4D8CB2C1E7F8B001460B2 /* ShowSubToDoCell.xib */,
			);
			path = ShowSubToDoCell;
			sourceTree = "<group>";
		};
		06D912632C15FD35005D2794 = {
			isa = PBXGroup;
			children = (
				06D9126E2C15FD35005D2794 /* ToDoLists */,
				06D912852C15FD3C005D2794 /* ToDoListsTests */,
				06D9128F2C15FD3C005D2794 /* ToDoListsUITests */,
				06D9126D2C15FD35005D2794 /* Products */,
			);
			sourceTree = "<group>";
		};
		06D9126D2C15FD35005D2794 /* Products */ = {
			isa = PBXGroup;
			children = (
				06D9126C2C15FD35005D2794 /* ToDoLists.app */,
				06D912822C15FD3C005D2794 /* ToDoListsTests.xctest */,
				06D9128C2C15FD3C005D2794 /* ToDoListsUITests.xctest */,
			);
			name = Products;
			sourceTree = "<group>";
		};
		06D9126E2C15FD35005D2794 /* ToDoLists */ = {
			isa = PBXGroup;
			children = (
				06BC7C152C1F27B300232151 /* Custom Views */,
				065CD1D32C1730BA0039FC9E /* Extension */,
				06D912A72C16A650005D2794 /* Utilities */,
				06D912A32C168553005D2794 /* Data */,
				06D912A22C16854E005D2794 /* Views */,
				06D9129F2C15FD9E005D2794 /* Storyboards */,
				06D9126F2C15FD35005D2794 /* AppDelegate.swift */,
				06D912712C15FD35005D2794 /* SceneDelegate.swift */,
				06D912782C15FD3B005D2794 /* Assets.xcassets */,
				06D9127D2C15FD3B005D2794 /* Info.plist */,
			);
			path = ToDoLists;
			sourceTree = "<group>";
		};
		06D912852C15FD3C005D2794 /* ToDoListsTests */ = {
			isa = PBXGroup;
			children = (
				06CD43B22C721F3F007DABCF /* HomeTests */,
				06D912862C15FD3C005D2794 /* ToDoListsTests.swift */,
			);
			path = ToDoListsTests;
			sourceTree = "<group>";
		};
		06D9128F2C15FD3C005D2794 /* ToDoListsUITests */ = {
			isa = PBXGroup;
			children = (
				06D912902C15FD3C005D2794 /* ToDoListsUITests.swift */,
				06D912922C15FD3C005D2794 /* ToDoListsUITestsLaunchTests.swift */,
			);
			path = ToDoListsUITests;
			sourceTree = "<group>";
		};
		06D9129F2C15FD9E005D2794 /* Storyboards */ = {
			isa = PBXGroup;
			children = (
				06D9127A2C15FD3B005D2794 /* LaunchScreen.storyboard */,
				06D912752C15FD35005D2794 /* Main.storyboard */,
				06D912A02C168515005D2794 /* Home.storyboard */,
			);
			path = Storyboards;
			sourceTree = "<group>";
		};
		06D912A22C16854E005D2794 /* Views */ = {
			isa = PBXGroup;
			children = (
				06D912A42C16A255005D2794 /* Navigations */,
				06DD20312C188BE5009BECB8 /* Cell */,
				06D912AA2C16B16E005D2794 /* Vcs */,
			);
			path = Views;
			sourceTree = "<group>";
		};
		06D912A32C168553005D2794 /* Data */ = {
			isa = PBXGroup;
			children = (
				065CD1D02C1720870039FC9E /* Repositories */,
				065CD1CB2C170B570039FC9E /* Mapper */,
				065CD1BA2C16DEEB0039FC9E /* Entities */,
				065CD1B72C16DE940039FC9E /* Models */,
				065CD1B42C16DE6B0039FC9E /* DataSources */,
			);
			path = Data;
			sourceTree = "<group>";
		};
		06D912A42C16A255005D2794 /* Navigations */ = {
			isa = PBXGroup;
			children = (
				06D912A52C16A264005D2794 /* RootNC.swift */,
			);
			path = Navigations;
			sourceTree = "<group>";
		};
		06D912A72C16A650005D2794 /* Utilities */ = {
			isa = PBXGroup;
			children = (
				06D912A82C16A662005D2794 /* StoryBoarded.swift */,
			);
			path = Utilities;
			sourceTree = "<group>";
		};
		06D912AA2C16B16E005D2794 /* Vcs */ = {
			isa = PBXGroup;
			children = (
				06DD20372C188CFA009BECB8 /* AddToDo */,
				06D912C22C16B35C005D2794 /* Splash */,
				06D912BF2C16B27A005D2794 /* TabBar */,
				06D912BA2C16B264005D2794 /* Complete */,
				06D912B52C16B1EE005D2794 /* Overdue */,
				06D912B02C16B1C9005D2794 /* Schedule */,
				06D912AD2C16B1B5005D2794 /* Home */,
			);
			path = Vcs;
			sourceTree = "<group>";
		};
		06D912AD2C16B1B5005D2794 /* Home */ = {
			isa = PBXGroup;
			children = (
				06D912AB2C16B1AB005D2794 /* HomeVC.swift */,
				06D912AE2C16B1C6005D2794 /* HomeVM.swift */,
			);
			path = Home;
			sourceTree = "<group>";
		};
		06D912B02C16B1C9005D2794 /* Schedule */ = {
			isa = PBXGroup;
			children = (
				06D912B12C16B1D8005D2794 /* ScheduleVC.swift */,
				06D912B32C16B1EB005D2794 /* ScheduleVM.swift */,
			);
			path = Schedule;
			sourceTree = "<group>";
		};
		06D912B52C16B1EE005D2794 /* Overdue */ = {
			isa = PBXGroup;
			children = (
				06D912B62C16B1FF005D2794 /* OverdueVC.swift */,
				06D912B82C16B20A005D2794 /* OverdueVM.swift */,
			);
			path = Overdue;
			sourceTree = "<group>";
		};
		06D912BA2C16B264005D2794 /* Complete */ = {
			isa = PBXGroup;
			children = (
				06D912BB2C16B26D005D2794 /* CompleteVC.swift */,
				06D912BD2C16B274005D2794 /* CompleteVM.swift */,
			);
			path = Complete;
			sourceTree = "<group>";
		};
		06D912BF2C16B27A005D2794 /* TabBar */ = {
			isa = PBXGroup;
			children = (
				06D912C02C16B291005D2794 /* TabBarVC.swift */,
			);
			path = TabBar;
			sourceTree = "<group>";
		};
		06D912C22C16B35C005D2794 /* Splash */ = {
			isa = PBXGroup;
			children = (
				06D912C32C16B378005D2794 /* SplashVC.swift */,
			);
			path = Splash;
			sourceTree = "<group>";
		};
		06DD20312C188BE5009BECB8 /* Cell */ = {
			isa = PBXGroup;
			children = (
				06D4D8C92C1E7F50001460B2 /* ShowSubToDoCell */,
				06DD203E2C1990F7009BECB8 /* SubToDoCell */,
				06DD20362C188C11009BECB8 /* ToDoCell */,
			);
			path = Cell;
			sourceTree = "<group>";
		};
		06DD20362C188C11009BECB8 /* ToDoCell */ = {
			isa = PBXGroup;
			children = (
				06DD20322C188C0F009BECB8 /* ToDoCell.swift */,
				06DD20332C188C0F009BECB8 /* ToDoCell.xib */,
			);
			path = ToDoCell;
			sourceTree = "<group>";
		};
		06DD20372C188CFA009BECB8 /* AddToDo */ = {
			isa = PBXGroup;
			children = (
				06DD20382C188D0C009BECB8 /* AddToDoVC.swift */,
				06DD203A2C188D15009BECB8 /* AddToDoVM.swift */,
			);
			path = AddToDo;
			sourceTree = "<group>";
		};
		06DD203E2C1990F7009BECB8 /* SubToDoCell */ = {
			isa = PBXGroup;
			children = (
				06DD203F2C199133009BECB8 /* SubToDoCell.swift */,
				06DD20402C199133009BECB8 /* SubToDoCell.xib */,
			);
			path = SubToDoCell;
			sourceTree = "<group>";
		};
/* End PBXGroup section */

/* Begin PBXNativeTarget section */
		06D9126B2C15FD35005D2794 /* ToDoLists */ = {
			isa = PBXNativeTarget;
			buildConfigurationList = 06D912962C15FD3C005D2794 /* Build configuration list for PBXNativeTarget "ToDoLists" */;
			buildPhases = (
				06D912682C15FD35005D2794 /* Sources */,
				06D912692C15FD35005D2794 /* Frameworks */,
				06D9126A2C15FD35005D2794 /* Resources */,
				065CD1C12C16E6680039FC9E /* Embed Frameworks */,
			);
			buildRules = (
			);
			dependencies = (
			);
			name = ToDoLists;
			packageProductDependencies = (
				065CD1B22C16D44F0039FC9E /* IQKeyboardManagerSwift */,
				065CD1BE2C16DF590039FC9E /* RealmSwift */,
			);
			productName = ToDoLists;
			productReference = 06D9126C2C15FD35005D2794 /* ToDoLists.app */;
			productType = "com.apple.product-type.application";
		};
		06D912812C15FD3C005D2794 /* ToDoListsTests */ = {
			isa = PBXNativeTarget;
			buildConfigurationList = 06D912992C15FD3C005D2794 /* Build configuration list for PBXNativeTarget "ToDoListsTests" */;
			buildPhases = (
				06D9127E2C15FD3C005D2794 /* Sources */,
				06D9127F2C15FD3C005D2794 /* Frameworks */,
				06D912802C15FD3C005D2794 /* Resources */,
			);
			buildRules = (
			);
			dependencies = (
				06D912842C15FD3C005D2794 /* PBXTargetDependency */,
			);
			name = ToDoListsTests;
			productName = ToDoListsTests;
			productReference = 06D912822C15FD3C005D2794 /* ToDoListsTests.xctest */;
			productType = "com.apple.product-type.bundle.unit-test";
		};
		06D9128B2C15FD3C005D2794 /* ToDoListsUITests */ = {
			isa = PBXNativeTarget;
			buildConfigurationList = 06D9129C2C15FD3C005D2794 /* Build configuration list for PBXNativeTarget "ToDoListsUITests" */;
			buildPhases = (
				06D912882C15FD3C005D2794 /* Sources */,
				06D912892C15FD3C005D2794 /* Frameworks */,
				06D9128A2C15FD3C005D2794 /* Resources */,
			);
			buildRules = (
			);
			dependencies = (
				06D9128E2C15FD3C005D2794 /* PBXTargetDependency */,
			);
			name = ToDoListsUITests;
			productName = ToDoListsUITests;
			productReference = 06D9128C2C15FD3C005D2794 /* ToDoListsUITests.xctest */;
			productType = "com.apple.product-type.bundle.ui-testing";
		};
/* End PBXNativeTarget section */

/* Begin PBXProject section */
		06D912642C15FD35005D2794 /* Project object */ = {
			isa = PBXProject;
			attributes = {
				BuildIndependentTargetsInParallel = 1;
				LastSwiftUpdateCheck = 1540;
				LastUpgradeCheck = 1540;
				TargetAttributes = {
					06D9126B2C15FD35005D2794 = {
						CreatedOnToolsVersion = 15.4;
					};
					06D912812C15FD3C005D2794 = {
						CreatedOnToolsVersion = 15.4;
						TestTargetID = 06D9126B2C15FD35005D2794;
					};
					06D9128B2C15FD3C005D2794 = {
						CreatedOnToolsVersion = 15.4;
						TestTargetID = 06D9126B2C15FD35005D2794;
					};
				};
			};
			buildConfigurationList = 06D912672C15FD35005D2794 /* Build configuration list for PBXProject "ToDoLists" */;
			compatibilityVersion = "Xcode 14.0";
			developmentRegion = en;
			hasScannedForEncodings = 0;
			knownRegions = (
				en,
				Base,
			);
			mainGroup = 06D912632C15FD35005D2794;
			packageReferences = (
				065CD1B12C16D44F0039FC9E /* XCRemoteSwiftPackageReference "IQKeyboardManager" */,
				065CD1BD2C16DF590039FC9E /* XCRemoteSwiftPackageReference "realm-swift" */,
			);
			productRefGroup = 06D9126D2C15FD35005D2794 /* Products */;
			projectDirPath = "";
			projectRoot = "";
			targets = (
				06D9126B2C15FD35005D2794 /* ToDoLists */,
				06D912812C15FD3C005D2794 /* ToDoListsTests */,
				06D9128B2C15FD3C005D2794 /* ToDoListsUITests */,
			);
		};
/* End PBXProject section */

/* Begin PBXResourcesBuildPhase section */
		06D9126A2C15FD35005D2794 /* Resources */ = {
			isa = PBXResourcesBuildPhase;
			buildActionMask = 2147483647;
			files = (
				06D4D8CC2C1E7F8B001460B2 /* ShowSubToDoCell.xib in Resources */,
				06DD20412C199133009BECB8 /* SubToDoCell.xib in Resources */,
				06D912792C15FD3B005D2794 /* Assets.xcassets in Resources */,
				06DD20342C188C0F009BECB8 /* ToDoCell.xib in Resources */,
				06D9127C2C15FD3B005D2794 /* Base in Resources */,
				06D912772C15FD35005D2794 /* Base in Resources */,
				06D912A12C168515005D2794 /* Home.storyboard in Resources */,
			);
			runOnlyForDeploymentPostprocessing = 0;
		};
		06D912802C15FD3C005D2794 /* Resources */ = {
			isa = PBXResourcesBuildPhase;
			buildActionMask = 2147483647;
			files = (
			);
			runOnlyForDeploymentPostprocessing = 0;
		};
		06D9128A2C15FD3C005D2794 /* Resources */ = {
			isa = PBXResourcesBuildPhase;
			buildActionMask = 2147483647;
			files = (
			);
			runOnlyForDeploymentPostprocessing = 0;
		};
/* End PBXResourcesBuildPhase section */

/* Begin PBXSourcesBuildPhase section */
		06D912682C15FD35005D2794 /* Sources */ = {
			isa = PBXSourcesBuildPhase;
			buildActionMask = 2147483647;
			files = (
				06BC7C172C1F27EB00232151 /* DynamicHeightTableView.swift in Sources */,
				065CD1D52C17336C0039FC9E /* Date.swift in Sources */,
				06D912702C15FD35005D2794 /* AppDelegate.swift in Sources */,
				06D912B22C16B1D8005D2794 /* ScheduleVC.swift in Sources */,
				06D4D8B92C1D60EF001460B2 /* SubToDoCellVO.swift in Sources */,
				06D912AC2C16B1AB005D2794 /* HomeVC.swift in Sources */,
				06D912B42C16B1EB005D2794 /* ScheduleVM.swift in Sources */,
				06D912B72C16B1FF005D2794 /* OverdueVC.swift in Sources */,
				06DD20392C188D0C009BECB8 /* AddToDoVC.swift in Sources */,
				06D912722C15FD35005D2794 /* SceneDelegate.swift in Sources */,
				065CD1C52C16FCD60039FC9E /* ToDoLocalDataSource.swift in Sources */,
				06D912AF2C16B1C6005D2794 /* HomeVM.swift in Sources */,
				065CD1BC2C16DF0A0039FC9E /* ToDoEntity.swift in Sources */,
				06D912B92C16B20A005D2794 /* OverdueVM.swift in Sources */,
				065CD1D82C18655B0039FC9E /* UIButton.swift in Sources */,
				065CD1CD2C170B5F0039FC9E /* ToDoMapper.swift in Sources */,
				06D912C12C16B291005D2794 /* TabBarVC.swift in Sources */,
				06DD20352C188C0F009BECB8 /* ToDoCell.swift in Sources */,
				06DD203B2C188D15009BECB8 /* AddToDoVM.swift in Sources */,
				06D912A62C16A264005D2794 /* RootNC.swift in Sources */,
				06D4D8BB2C1D610B001460B2 /* SubToDoCellMapper.swift in Sources */,
				065CD1C32C16FB340039FC9E /* SubToDoEntity.swift in Sources */,
				06BC7C192C201BC900232151 /* UNUserNotificationCenter.swift in Sources */,
				06D912BE2C16B274005D2794 /* CompleteVM.swift in Sources */,
				065CD1D22C17209A0039FC9E /* ToDoRepository.swift in Sources */,
				06DD203D2C195958009BECB8 /* UITextField.swift in Sources */,
				065CD1C92C16FFDD0039FC9E /* SubToDoVO.swift in Sources */,
				065CD1C72C16FFD30039FC9E /* ToDoVO.swift in Sources */,
				06D4D8CD2C1E7F8B001460B2 /* ShowSubToDoCell.swift in Sources */,
				06D912A92C16A662005D2794 /* StoryBoarded.swift in Sources */,
				06D912BC2C16B26D005D2794 /* CompleteVC.swift in Sources */,
				065CD1CF2C1716C50039FC9E /* SubToDoMapper.swift in Sources */,
				06DD20422C199133009BECB8 /* SubToDoCell.swift in Sources */,
				06D912C42C16B378005D2794 /* SplashVC.swift in Sources */,
			);
			runOnlyForDeploymentPostprocessing = 0;
		};
		06D9127E2C15FD3C005D2794 /* Sources */ = {
			isa = PBXSourcesBuildPhase;
			buildActionMask = 2147483647;
			files = (
				06CD43B62C722F9E007DABCF /* HomeVCTests.swift in Sources */,
				06D912872C15FD3C005D2794 /* ToDoListsTests.swift in Sources */,
				06CD43B42C721F55007DABCF /* HomeVMTest.swift in Sources */,
			);
			runOnlyForDeploymentPostprocessing = 0;
		};
		06D912882C15FD3C005D2794 /* Sources */ = {
			isa = PBXSourcesBuildPhase;
			buildActionMask = 2147483647;
			files = (
				06D912932C15FD3C005D2794 /* ToDoListsUITestsLaunchTests.swift in Sources */,
				06D912912C15FD3C005D2794 /* ToDoListsUITests.swift in Sources */,
			);
			runOnlyForDeploymentPostprocessing = 0;
		};
/* End PBXSourcesBuildPhase section */

/* Begin PBXTargetDependency section */
		06D912842C15FD3C005D2794 /* PBXTargetDependency */ = {
			isa = PBXTargetDependency;
			target = 06D9126B2C15FD35005D2794 /* ToDoLists */;
			targetProxy = 06D912832C15FD3C005D2794 /* PBXContainerItemProxy */;
		};
		06D9128E2C15FD3C005D2794 /* PBXTargetDependency */ = {
			isa = PBXTargetDependency;
			target = 06D9126B2C15FD35005D2794 /* ToDoLists */;
			targetProxy = 06D9128D2C15FD3C005D2794 /* PBXContainerItemProxy */;
		};
/* End PBXTargetDependency section */

/* Begin PBXVariantGroup section */
		06D912752C15FD35005D2794 /* Main.storyboard */ = {
			isa = PBXVariantGroup;
			children = (
				06D912762C15FD35005D2794 /* Base */,
			);
			name = Main.storyboard;
			sourceTree = "<group>";
		};
		06D9127A2C15FD3B005D2794 /* LaunchScreen.storyboard */ = {
			isa = PBXVariantGroup;
			children = (
				06D9127B2C15FD3B005D2794 /* Base */,
			);
			name = LaunchScreen.storyboard;
			sourceTree = "<group>";
		};
/* End PBXVariantGroup section */

/* Begin XCBuildConfiguration section */
		06D912942C15FD3C005D2794 /* Debug */ = {
			isa = XCBuildConfiguration;
			buildSettings = {
				ALWAYS_SEARCH_USER_PATHS = NO;
				ASSETCATALOG_COMPILER_GENERATE_SWIFT_ASSET_SYMBOL_EXTENSIONS = YES;
				CLANG_ANALYZER_NONNULL = YES;
				CLANG_ANALYZER_NUMBER_OBJECT_CONVERSION = YES_AGGRESSIVE;
				CLANG_CXX_LANGUAGE_STANDARD = "gnu++20";
				CLANG_ENABLE_MODULES = YES;
				CLANG_ENABLE_OBJC_ARC = YES;
				CLANG_ENABLE_OBJC_WEAK = YES;
				CLANG_WARN_BLOCK_CAPTURE_AUTORELEASING = YES;
				CLANG_WARN_BOOL_CONVERSION = YES;
				CLANG_WARN_COMMA = YES;
				CLANG_WARN_CONSTANT_CONVERSION = YES;
				CLANG_WARN_DEPRECATED_OBJC_IMPLEMENTATIONS = YES;
				CLANG_WARN_DIRECT_OBJC_ISA_USAGE = YES_ERROR;
				CLANG_WARN_DOCUMENTATION_COMMENTS = YES;
				CLANG_WARN_EMPTY_BODY = YES;
				CLANG_WARN_ENUM_CONVERSION = YES;
				CLANG_WARN_INFINITE_RECURSION = YES;
				CLANG_WARN_INT_CONVERSION = YES;
				CLANG_WARN_NON_LITERAL_NULL_CONVERSION = YES;
				CLANG_WARN_OBJC_IMPLICIT_RETAIN_SELF = YES;
				CLANG_WARN_OBJC_LITERAL_CONVERSION = YES;
				CLANG_WARN_OBJC_ROOT_CLASS = YES_ERROR;
				CLANG_WARN_QUOTED_INCLUDE_IN_FRAMEWORK_HEADER = YES;
				CLANG_WARN_RANGE_LOOP_ANALYSIS = YES;
				CLANG_WARN_STRICT_PROTOTYPES = YES;
				CLANG_WARN_SUSPICIOUS_MOVE = YES;
				CLANG_WARN_UNGUARDED_AVAILABILITY = YES_AGGRESSIVE;
				CLANG_WARN_UNREACHABLE_CODE = YES;
				CLANG_WARN__DUPLICATE_METHOD_MATCH = YES;
				COPY_PHASE_STRIP = NO;
				DEBUG_INFORMATION_FORMAT = dwarf;
				ENABLE_STRICT_OBJC_MSGSEND = YES;
				ENABLE_TESTABILITY = YES;
				ENABLE_USER_SCRIPT_SANDBOXING = YES;
				GCC_C_LANGUAGE_STANDARD = gnu17;
				GCC_DYNAMIC_NO_PIC = NO;
				GCC_NO_COMMON_BLOCKS = YES;
				GCC_OPTIMIZATION_LEVEL = 0;
				GCC_PREPROCESSOR_DEFINITIONS = (
					"DEBUG=1",
					"$(inherited)",
				);
				GCC_WARN_64_TO_32_BIT_CONVERSION = YES;
				GCC_WARN_ABOUT_RETURN_TYPE = YES_ERROR;
				GCC_WARN_UNDECLARED_SELECTOR = YES;
				GCC_WARN_UNINITIALIZED_AUTOS = YES_AGGRESSIVE;
				GCC_WARN_UNUSED_FUNCTION = YES;
				GCC_WARN_UNUSED_VARIABLE = YES;
				IPHONEOS_DEPLOYMENT_TARGET = 17.5;
				LOCALIZATION_PREFERS_STRING_CATALOGS = YES;
				MTL_ENABLE_DEBUG_INFO = INCLUDE_SOURCE;
				MTL_FAST_MATH = YES;
				ONLY_ACTIVE_ARCH = YES;
				SDKROOT = iphoneos;
				SWIFT_ACTIVE_COMPILATION_CONDITIONS = "DEBUG $(inherited)";
				SWIFT_OPTIMIZATION_LEVEL = "-Onone";
			};
			name = Debug;
		};
		06D912952C15FD3C005D2794 /* Release */ = {
			isa = XCBuildConfiguration;
			buildSettings = {
				ALWAYS_SEARCH_USER_PATHS = NO;
				ASSETCATALOG_COMPILER_GENERATE_SWIFT_ASSET_SYMBOL_EXTENSIONS = YES;
				CLANG_ANALYZER_NONNULL = YES;
				CLANG_ANALYZER_NUMBER_OBJECT_CONVERSION = YES_AGGRESSIVE;
				CLANG_CXX_LANGUAGE_STANDARD = "gnu++20";
				CLANG_ENABLE_MODULES = YES;
				CLANG_ENABLE_OBJC_ARC = YES;
				CLANG_ENABLE_OBJC_WEAK = YES;
				CLANG_WARN_BLOCK_CAPTURE_AUTORELEASING = YES;
				CLANG_WARN_BOOL_CONVERSION = YES;
				CLANG_WARN_COMMA = YES;
				CLANG_WARN_CONSTANT_CONVERSION = YES;
				CLANG_WARN_DEPRECATED_OBJC_IMPLEMENTATIONS = YES;
				CLANG_WARN_DIRECT_OBJC_ISA_USAGE = YES_ERROR;
				CLANG_WARN_DOCUMENTATION_COMMENTS = YES;
				CLANG_WARN_EMPTY_BODY = YES;
				CLANG_WARN_ENUM_CONVERSION = YES;
				CLANG_WARN_INFINITE_RECURSION = YES;
				CLANG_WARN_INT_CONVERSION = YES;
				CLANG_WARN_NON_LITERAL_NULL_CONVERSION = YES;
				CLANG_WARN_OBJC_IMPLICIT_RETAIN_SELF = YES;
				CLANG_WARN_OBJC_LITERAL_CONVERSION = YES;
				CLANG_WARN_OBJC_ROOT_CLASS = YES_ERROR;
				CLANG_WARN_QUOTED_INCLUDE_IN_FRAMEWORK_HEADER = YES;
				CLANG_WARN_RANGE_LOOP_ANALYSIS = YES;
				CLANG_WARN_STRICT_PROTOTYPES = YES;
				CLANG_WARN_SUSPICIOUS_MOVE = YES;
				CLANG_WARN_UNGUARDED_AVAILABILITY = YES_AGGRESSIVE;
				CLANG_WARN_UNREACHABLE_CODE = YES;
				CLANG_WARN__DUPLICATE_METHOD_MATCH = YES;
				COPY_PHASE_STRIP = NO;
				DEBUG_INFORMATION_FORMAT = "dwarf-with-dsym";
				ENABLE_NS_ASSERTIONS = NO;
				ENABLE_STRICT_OBJC_MSGSEND = YES;
				ENABLE_USER_SCRIPT_SANDBOXING = YES;
				GCC_C_LANGUAGE_STANDARD = gnu17;
				GCC_NO_COMMON_BLOCKS = YES;
				GCC_WARN_64_TO_32_BIT_CONVERSION = YES;
				GCC_WARN_ABOUT_RETURN_TYPE = YES_ERROR;
				GCC_WARN_UNDECLARED_SELECTOR = YES;
				GCC_WARN_UNINITIALIZED_AUTOS = YES_AGGRESSIVE;
				GCC_WARN_UNUSED_FUNCTION = YES;
				GCC_WARN_UNUSED_VARIABLE = YES;
				IPHONEOS_DEPLOYMENT_TARGET = 17.5;
				LOCALIZATION_PREFERS_STRING_CATALOGS = YES;
				MTL_ENABLE_DEBUG_INFO = NO;
				MTL_FAST_MATH = YES;
				SDKROOT = iphoneos;
				SWIFT_COMPILATION_MODE = wholemodule;
				VALIDATE_PRODUCT = YES;
			};
			name = Release;
		};
		06D912972C15FD3C005D2794 /* Debug */ = {
			isa = XCBuildConfiguration;
			buildSettings = {
				ASSETCATALOG_COMPILER_APPICON_NAME = AppIcon;
				ASSETCATALOG_COMPILER_GLOBAL_ACCENT_COLOR_NAME = AccentColor;
				CODE_SIGN_STYLE = Automatic;
				CURRENT_PROJECT_VERSION = 1;
				DEVELOPMENT_TEAM = TBSLHJAF4T;
				GENERATE_INFOPLIST_FILE = YES;
				INFOPLIST_FILE = ToDoLists/Info.plist;
				INFOPLIST_KEY_CFBundleDisplayName = "ToDo Master";
				INFOPLIST_KEY_UIApplicationSupportsIndirectInputEvents = YES;
				INFOPLIST_KEY_UILaunchStoryboardName = LaunchScreen;
				INFOPLIST_KEY_UIMainStoryboardFile = Main;
				INFOPLIST_KEY_UISupportedInterfaceOrientations_iPad = "UIInterfaceOrientationPortrait UIInterfaceOrientationPortraitUpsideDown UIInterfaceOrientationLandscapeLeft UIInterfaceOrientationLandscapeRight";
				INFOPLIST_KEY_UISupportedInterfaceOrientations_iPhone = "UIInterfaceOrientationPortrait UIInterfaceOrientationLandscapeLeft UIInterfaceOrientationLandscapeRight";
				LD_RUNPATH_SEARCH_PATHS = (
					"$(inherited)",
					"@executable_path/Frameworks",
				);
				MARKETING_VERSION = 1.0;
				PRODUCT_BUNDLE_IDENTIFIER = com.max.ToDoLists;
				PRODUCT_NAME = "$(TARGET_NAME)";
				SUPPORTED_PLATFORMS = "iphoneos iphonesimulator";
				SUPPORTS_MACCATALYST = NO;
				SUPPORTS_MAC_DESIGNED_FOR_IPHONE_IPAD = NO;
				SUPPORTS_XR_DESIGNED_FOR_IPHONE_IPAD = NO;
				SWIFT_EMIT_LOC_STRINGS = YES;
				SWIFT_VERSION = 5.0;
				TARGETED_DEVICE_FAMILY = "1,2";
			};
			name = Debug;
		};
		06D912982C15FD3C005D2794 /* Release */ = {
			isa = XCBuildConfiguration;
			buildSettings = {
				ASSETCATALOG_COMPILER_APPICON_NAME = AppIcon;
				ASSETCATALOG_COMPILER_GLOBAL_ACCENT_COLOR_NAME = AccentColor;
				CODE_SIGN_STYLE = Automatic;
				CURRENT_PROJECT_VERSION = 1;
				DEVELOPMENT_TEAM = TBSLHJAF4T;
				GENERATE_INFOPLIST_FILE = YES;
				INFOPLIST_FILE = ToDoLists/Info.plist;
				INFOPLIST_KEY_CFBundleDisplayName = "ToDo Master";
				INFOPLIST_KEY_UIApplicationSupportsIndirectInputEvents = YES;
				INFOPLIST_KEY_UILaunchStoryboardName = LaunchScreen;
				INFOPLIST_KEY_UIMainStoryboardFile = Main;
				INFOPLIST_KEY_UISupportedInterfaceOrientations_iPad = "UIInterfaceOrientationPortrait UIInterfaceOrientationPortraitUpsideDown UIInterfaceOrientationLandscapeLeft UIInterfaceOrientationLandscapeRight";
				INFOPLIST_KEY_UISupportedInterfaceOrientations_iPhone = "UIInterfaceOrientationPortrait UIInterfaceOrientationLandscapeLeft UIInterfaceOrientationLandscapeRight";
				LD_RUNPATH_SEARCH_PATHS = (
					"$(inherited)",
					"@executable_path/Frameworks",
				);
				MARKETING_VERSION = 1.0;
				PRODUCT_BUNDLE_IDENTIFIER = com.max.ToDoLists;
				PRODUCT_NAME = "$(TARGET_NAME)";
				SUPPORTED_PLATFORMS = "iphoneos iphonesimulator";
				SUPPORTS_MACCATALYST = NO;
				SUPPORTS_MAC_DESIGNED_FOR_IPHONE_IPAD = NO;
				SUPPORTS_XR_DESIGNED_FOR_IPHONE_IPAD = NO;
				SWIFT_EMIT_LOC_STRINGS = YES;
				SWIFT_VERSION = 5.0;
				TARGETED_DEVICE_FAMILY = "1,2";
			};
			name = Release;
		};
		06D9129A2C15FD3C005D2794 /* Debug */ = {
			isa = XCBuildConfiguration;
			buildSettings = {
				ALWAYS_EMBED_SWIFT_STANDARD_LIBRARIES = YES;
				BUNDLE_LOADER = "$(TEST_HOST)";
				CODE_SIGN_STYLE = Automatic;
				CURRENT_PROJECT_VERSION = 1;
				GENERATE_INFOPLIST_FILE = YES;
				IPHONEOS_DEPLOYMENT_TARGET = 17.5;
				MARKETING_VERSION = 1.0;
				PRODUCT_BUNDLE_IDENTIFIER = com.max.ToDoListsTests;
				PRODUCT_NAME = "$(TARGET_NAME)";
				SWIFT_EMIT_LOC_STRINGS = NO;
				SWIFT_VERSION = 5.0;
				TARGETED_DEVICE_FAMILY = "1,2";
				TEST_HOST = "$(BUILT_PRODUCTS_DIR)/ToDoLists.app/$(BUNDLE_EXECUTABLE_FOLDER_PATH)/ToDoLists";
			};
			name = Debug;
		};
		06D9129B2C15FD3C005D2794 /* Release */ = {
			isa = XCBuildConfiguration;
			buildSettings = {
				ALWAYS_EMBED_SWIFT_STANDARD_LIBRARIES = YES;
				BUNDLE_LOADER = "$(TEST_HOST)";
				CODE_SIGN_STYLE = Automatic;
				CURRENT_PROJECT_VERSION = 1;
				GENERATE_INFOPLIST_FILE = YES;
				IPHONEOS_DEPLOYMENT_TARGET = 17.5;
				MARKETING_VERSION = 1.0;
				PRODUCT_BUNDLE_IDENTIFIER = com.max.ToDoListsTests;
				PRODUCT_NAME = "$(TARGET_NAME)";
				SWIFT_EMIT_LOC_STRINGS = NO;
				SWIFT_VERSION = 5.0;
				TARGETED_DEVICE_FAMILY = "1,2";
				TEST_HOST = "$(BUILT_PRODUCTS_DIR)/ToDoLists.app/$(BUNDLE_EXECUTABLE_FOLDER_PATH)/ToDoLists";
			};
			name = Release;
		};
		06D9129D2C15FD3C005D2794 /* Debug */ = {
			isa = XCBuildConfiguration;
			buildSettings = {
				ALWAYS_EMBED_SWIFT_STANDARD_LIBRARIES = YES;
				CODE_SIGN_STYLE = Automatic;
				CURRENT_PROJECT_VERSION = 1;
				GENERATE_INFOPLIST_FILE = YES;
				MARKETING_VERSION = 1.0;
				PRODUCT_BUNDLE_IDENTIFIER = com.max.ToDoListsUITests;
				PRODUCT_NAME = "$(TARGET_NAME)";
				SWIFT_EMIT_LOC_STRINGS = NO;
				SWIFT_VERSION = 5.0;
				TARGETED_DEVICE_FAMILY = "1,2";
				TEST_TARGET_NAME = ToDoLists;
			};
			name = Debug;
		};
		06D9129E2C15FD3C005D2794 /* Release */ = {
			isa = XCBuildConfiguration;
			buildSettings = {
				ALWAYS_EMBED_SWIFT_STANDARD_LIBRARIES = YES;
				CODE_SIGN_STYLE = Automatic;
				CURRENT_PROJECT_VERSION = 1;
				GENERATE_INFOPLIST_FILE = YES;
				MARKETING_VERSION = 1.0;
				PRODUCT_BUNDLE_IDENTIFIER = com.max.ToDoListsUITests;
				PRODUCT_NAME = "$(TARGET_NAME)";
				SWIFT_EMIT_LOC_STRINGS = NO;
				SWIFT_VERSION = 5.0;
				TARGETED_DEVICE_FAMILY = "1,2";
				TEST_TARGET_NAME = ToDoLists;
			};
			name = Release;
		};
/* End XCBuildConfiguration section */

/* Begin XCConfigurationList section */
		06D912672C15FD35005D2794 /* Build configuration list for PBXProject "ToDoLists" */ = {
			isa = XCConfigurationList;
			buildConfigurations = (
				06D912942C15FD3C005D2794 /* Debug */,
				06D912952C15FD3C005D2794 /* Release */,
			);
			defaultConfigurationIsVisible = 0;
			defaultConfigurationName = Release;
		};
		06D912962C15FD3C005D2794 /* Build configuration list for PBXNativeTarget "ToDoLists" */ = {
			isa = XCConfigurationList;
			buildConfigurations = (
				06D912972C15FD3C005D2794 /* Debug */,
				06D912982C15FD3C005D2794 /* Release */,
			);
			defaultConfigurationIsVisible = 0;
			defaultConfigurationName = Release;
		};
		06D912992C15FD3C005D2794 /* Build configuration list for PBXNativeTarget "ToDoListsTests" */ = {
			isa = XCConfigurationList;
			buildConfigurations = (
				06D9129A2C15FD3C005D2794 /* Debug */,
				06D9129B2C15FD3C005D2794 /* Release */,
			);
			defaultConfigurationIsVisible = 0;
			defaultConfigurationName = Release;
		};
		06D9129C2C15FD3C005D2794 /* Build configuration list for PBXNativeTarget "ToDoListsUITests" */ = {
			isa = XCConfigurationList;
			buildConfigurations = (
				06D9129D2C15FD3C005D2794 /* Debug */,
				06D9129E2C15FD3C005D2794 /* Release */,
			);
			defaultConfigurationIsVisible = 0;
			defaultConfigurationName = Release;
		};
/* End XCConfigurationList section */

/* Begin XCRemoteSwiftPackageReference section */
		065CD1B12C16D44F0039FC9E /* XCRemoteSwiftPackageReference "IQKeyboardManager" */ = {
			isa = XCRemoteSwiftPackageReference;
			repositoryURL = "https://github.com/hackiftekhar/IQKeyboardManager.git";
			requirement = {
				kind = exactVersion;
				version = 6.5.0;
			};
		};
		065CD1BD2C16DF590039FC9E /* XCRemoteSwiftPackageReference "realm-swift" */ = {
			isa = XCRemoteSwiftPackageReference;
			repositoryURL = "https://github.com/realm/realm-swift.git";
			requirement = {
				kind = exactVersion;
				version = 10.51.0;
			};
		};
/* End XCRemoteSwiftPackageReference section */

/* Begin XCSwiftPackageProductDependency section */
		065CD1B22C16D44F0039FC9E /* IQKeyboardManagerSwift */ = {
			isa = XCSwiftPackageProductDependency;
			package = 065CD1B12C16D44F0039FC9E /* XCRemoteSwiftPackageReference "IQKeyboardManager" */;
			productName = IQKeyboardManagerSwift;
		};
		065CD1BE2C16DF590039FC9E /* RealmSwift */ = {
			isa = XCSwiftPackageProductDependency;
			package = 065CD1BD2C16DF590039FC9E /* XCRemoteSwiftPackageReference "realm-swift" */;
			productName = RealmSwift;
		};
/* End XCSwiftPackageProductDependency section */
	};
	rootObject = 06D912642C15FD35005D2794 /* Project object */;
}
