{
  "originHash" : "d31d0a305a1eaeea040a7e6f4edbcd4fef6dc2ef18fbd7b64c76ebe4196b5d63",
  "pins" : [
    {
      "identity" : "iqkeyboardmanager",
      "kind" : "remoteSourceControl",
      "location" : "https://github.com/hackiftekhar/IQKeyboardManager.git",
      "state" : {
        "revision" : "1e442766a41e2948df25559eb03ab752c6d3aad0",
        "version" : "6.5.0"
      }
    },
    {
      "identity" : "realm-core",
      "kind" : "remoteSourceControl",
      "location" : "https://github.com/realm/realm-core.git",
      "state" : {
        "revision" : "f3d7ae5f9f31d90b327a64536bb7801cc69fd85b",
        "version" : "14.9.0"
      }
    },
    {
      "identity" : "realm-swift",
      "kind" : "remoteSourceControl",
      "location" : "https://github.com/realm/realm-swift.git",
      "state" : {
        "revision" : "4c4413abd0cd2221f59318f800960fe5bddc1494",
        "version" : "10.51.0"
      }
    }
  ],
  "version" : 3
}
